// !$*UTF8*$!
{
	archiveVersion = 1;
	classes = {
	};
	objectVersion = 56;
	objects = {

/* Begin PBXBuildFile section */
		6746F0392AE6FB8A00F10D4D /* CardImages.swift in Sources */ = {isa = PBXBuildFile; fileRef = 6746F0382AE6FB8A00F10D4D /* CardImages.swift */; };
		6746F03B2AE6FB9E00F10D4D /* ConfigFile.swift in Sources */ = {isa = PBXBuildFile; fileRef = 6746F03A2AE6FB9E00F10D4D /* ConfigFile.swift */; };
		6746F0402AE70B5700F10D4D /* cardData.swift in Sources */ = {isa = PBXBuildFile; fileRef = 6746F03F2AE70B5700F10D4D /* cardData.swift */; };
		6746F0452AE85DB100F10D4D /* UnsplashFramework in Frameworks */ = {isa = PBXBuildFile; productRef = 6746F0442AE85DB100F10D4D /* UnsplashFramework */; };
		6752FB862AE1C90200E539B1 /* AppDelegate.swift in Sources */ = {isa = PBXBuildFile; fileRef = 6752FB852AE1C90200E539B1 /* AppDelegate.swift */; };
		6752FB882AE1C90200E539B1 /* SceneDelegate.swift in Sources */ = {isa = PBXBuildFile; fileRef = 6752FB872AE1C90200E539B1 /* SceneDelegate.swift */; };
		6752FB8A2AE1C90200E539B1 /* ViewController.swift in Sources */ = {isa = PBXBuildFile; fileRef = 6752FB892AE1C90200E539B1 /* ViewController.swift */; };
		6752FB8F2AE1C90300E539B1 /* Assets.xcassets in Resources */ = {isa = PBXBuildFile; fileRef = 6752FB8E2AE1C90300E539B1 /* Assets.xcassets */; };
		6752FB9D2AE2A7BE00E539B1 /* SettingsViewController.swift in Sources */ = {isa = PBXBuildFile; fileRef = 6752FB9C2AE2A7BE00E539B1 /* SettingsViewController.swift */; };
		6752FB9F2AE2A86400E539B1 /* SwipeViewController.swift in Sources */ = {isa = PBXBuildFile; fileRef = 6752FB9E2AE2A86400E539B1 /* SwipeViewController.swift */; };
		6752FBA12AE2FB9500E539B1 /* SwipeableCardView.swift in Sources */ = {isa = PBXBuildFile; fileRef = 6752FBA02AE2FB9500E539B1 /* SwipeableCardView.swift */; };
		6752FBA42AE55EC800E539B1 /* Shuffle in Frameworks */ = {isa = PBXBuildFile; productRef = 6752FBA32AE55EC800E539B1 /* Shuffle */; };
		6752FBA62AE563BE00E539B1 /* SwipeCardViewController.swift in Sources */ = {isa = PBXBuildFile; fileRef = 6752FBA52AE563BE00E539B1 /* SwipeCardViewController.swift */; };
/* End PBXBuildFile section */

/* Begin PBXFileReference section */
		6746F0382AE6FB8A00F10D4D /* CardImages.swift */ = {isa = PBXFileReference; lastKnownFileType = sourcecode.swift; path = CardImages.swift; sourceTree = "<group>"; };
		6746F03A2AE6FB9E00F10D4D /* ConfigFile.swift */ = {isa = PBXFileReference; lastKnownFileType = sourcecode.swift; path = ConfigFile.swift; sourceTree = "<group>"; };
		6746F03F2AE70B5700F10D4D /* cardData.swift */ = {isa = PBXFileReference; fileEncoding = 4; lastKnownFileType = sourcecode.swift; path = cardData.swift; sourceTree = "<group>"; };
		6752FB822AE1C90200E539B1 /* likeOrDislike.app */ = {isa = PBXFileReference; explicitFileType = wrapper.application; includeInIndex = 0; path = likeOrDislike.app; sourceTree = BUILT_PRODUCTS_DIR; };
		6752FB852AE1C90200E539B1 /* AppDelegate.swift */ = {isa = PBXFileReference; lastKnownFileType = sourcecode.swift; path = AppDelegate.swift; sourceTree = "<group>"; };
		6752FB872AE1C90200E539B1 /* SceneDelegate.swift */ = {isa = PBXFileReference; lastKnownFileType = sourcecode.swift; path = SceneDelegate.swift; sourceTree = "<group>"; };
		6752FB892AE1C90200E539B1 /* ViewController.swift */ = {isa = PBXFileReference; lastKnownFileType = sourcecode.swift; path = ViewController.swift; sourceTree = "<group>"; };
		6752FB8E2AE1C90300E539B1 /* Assets.xcassets */ = {isa = PBXFileReference; lastKnownFileType = folder.assetcatalog; path = Assets.xcassets; sourceTree = "<group>"; };
		6752FB932AE1C90300E539B1 /* Info.plist */ = {isa = PBXFileReference; lastKnownFileType = text.plist.xml; path = Info.plist; sourceTree = "<group>"; };
		6752FB9C2AE2A7BE00E539B1 /* SettingsViewController.swift */ = {isa = PBXFileReference; lastKnownFileType = sourcecode.swift; path = SettingsViewController.swift; sourceTree = "<group>"; };
		6752FB9E2AE2A86400E539B1 /* SwipeViewController.swift */ = {isa = PBXFileReference; lastKnownFileType = sourcecode.swift; path = SwipeViewController.swift; sourceTree = "<group>"; };
		6752FBA02AE2FB9500E539B1 /* SwipeableCardView.swift */ = {isa = PBXFileReference; lastKnownFileType = sourcecode.swift; path = SwipeableCardView.swift; sourceTree = "<group>"; };
		6752FBA52AE563BE00E539B1 /* SwipeCardViewController.swift */ = {isa = PBXFileReference; lastKnownFileType = sourcecode.swift; path = SwipeCardViewController.swift; sourceTree = "<group>"; };
/* End PBXFileReference section */

/* Begin PBXFrameworksBuildPhase section */
		6752FB7F2AE1C90200E539B1 /* Frameworks */ = {
			isa = PBXFrameworksBuildPhase;
			buildActionMask = 2147483647;
			files = (
				6752FBA42AE55EC800E539B1 /* Shuffle in Frameworks */,
				6746F0452AE85DB100F10D4D /* UnsplashFramework in Frameworks */,
			);
			runOnlyForDeploymentPostprocessing = 0;
		};
/* End PBXFrameworksBuildPhase section */

/* Begin PBXGroup section */
		6746F04B2AEA912400F10D4D /* Images */ = {
			isa = PBXGroup;
			children = (
			);
			path = Images;
			sourceTree = "<group>";
		};
		6752FB792AE1C90200E539B1 = {
			isa = PBXGroup;
			children = (
				6752FB842AE1C90200E539B1 /* likeOrDislike */,
				6752FB832AE1C90200E539B1 /* Products */,
			);
			sourceTree = "<group>";
		};
		6752FB832AE1C90200E539B1 /* Products */ = {
			isa = PBXGroup;
			children = (
				6752FB822AE1C90200E539B1 /* likeOrDislike.app */,
			);
			name = Products;
			sourceTree = "<group>";
		};
		6752FB842AE1C90200E539B1 /* likeOrDislike */ = {
			isa = PBXGroup;
			children = (
				6746F04B2AEA912400F10D4D /* Images */,
				6752FB9B2AE2A71D00E539B1 /* Model */,
				6752FB9A2AE2A71100E539B1 /* ViewModel */,
				6752FB992AE2A70500E539B1 /* Views */,
				6752FB852AE1C90200E539B1 /* AppDelegate.swift */,
				6752FB872AE1C90200E539B1 /* SceneDelegate.swift */,
				6752FB8E2AE1C90300E539B1 /* Assets.xcassets */,
				6752FB932AE1C90300E539B1 /* Info.plist */,
				6746F03A2AE6FB9E00F10D4D /* ConfigFile.swift */,
			);
			path = likeOrDislike;
			sourceTree = "<group>";
		};
		6752FB992AE2A70500E539B1 /* Views */ = {
			isa = PBXGroup;
			children = (
				6752FB892AE1C90200E539B1 /* ViewController.swift */,
				6752FB9C2AE2A7BE00E539B1 /* SettingsViewController.swift */,
				6752FB9E2AE2A86400E539B1 /* SwipeViewController.swift */,
			);
			path = Views;
			sourceTree = "<group>";
		};
		6752FB9A2AE2A71100E539B1 /* ViewModel */ = {
			isa = PBXGroup;
			children = (
				6752FBA02AE2FB9500E539B1 /* SwipeableCardView.swift */,
				6752FBA52AE563BE00E539B1 /* SwipeCardViewController.swift */,
			);
			path = ViewModel;
			sourceTree = "<group>";
		};
		6752FB9B2AE2A71D00E539B1 /* Model */ = {
			isa = PBXGroup;
			children = (
				6746F03F2AE70B5700F10D4D /* cardData.swift */,
				6746F0382AE6FB8A00F10D4D /* CardImages.swift */,
			);
			path = Model;
			sourceTree = "<group>";
		};
/* End PBXGroup section */

/* Begin PBXNativeTarget section */
		6752FB812AE1C90200E539B1 /* likeOrDislike */ = {
			isa = PBXNativeTarget;
			buildConfigurationList = 6752FB962AE1C90300E539B1 /* Build configuration list for PBXNativeTarget "likeOrDislike" */;
			buildPhases = (
				6752FB7E2AE1C90200E539B1 /* Sources */,
				6752FB7F2AE1C90200E539B1 /* Frameworks */,
				6752FB802AE1C90200E539B1 /* Resources */,
			);
			buildRules = (
			);
			dependencies = (
			);
			name = likeOrDislike;
			packageProductDependencies = (
				6752FBA32AE55EC800E539B1 /* Shuffle */,
				6746F0442AE85DB100F10D4D /* UnsplashFramework */,
			);
			productName = likeOrDislike;
			productReference = 6752FB822AE1C90200E539B1 /* likeOrDislike.app */;
			productType = "com.apple.product-type.application";
		};
/* End PBXNativeTarget section */

/* Begin PBXProject section */
		6752FB7A2AE1C90200E539B1 /* Project object */ = {
			isa = PBXProject;
			attributes = {
				BuildIndependentTargetsInParallel = 1;
				LastSwiftUpdateCheck = 1500;
				LastUpgradeCheck = 1500;
				TargetAttributes = {
					6752FB812AE1C90200E539B1 = {
						CreatedOnToolsVersion = 15.0.1;
					};
				};
			};
			buildConfigurationList = 6752FB7D2AE1C90200E539B1 /* Build configuration list for PBXProject "likeOrDislike" */;
			compatibilityVersion = "Xcode 14.0";
			developmentRegion = en;
			hasScannedForEncodings = 0;
			knownRegions = (
				en,
				Base,
			);
			mainGroup = 6752FB792AE1C90200E539B1;
			packageReferences = (
				6752FBA22AE55EC800E539B1 /* XCRemoteSwiftPackageReference "Shuffle" */,
				6746F0432AE85DB100F10D4D /* XCRemoteSwiftPackageReference "UnsplashFramework" */,
			);
			productRefGroup = 6752FB832AE1C90200E539B1 /* Products */;
			projectDirPath = "";
			projectRoot = "";
			targets = (
				6752FB812AE1C90200E539B1 /* likeOrDislike */,
			);
		};
/* End PBXProject section */

/* Begin PBXResourcesBuildPhase section */
		6752FB802AE1C90200E539B1 /* Resources */ = {
			isa = PBXResourcesBuildPhase;
			buildActionMask = 2147483647;
			files = (
				6752FB8F2AE1C90300E539B1 /* Assets.xcassets in Resources */,
			);
			runOnlyForDeploymentPostprocessing = 0;
		};
/* End PBXResourcesBuildPhase section */

/* Begin PBXSourcesBuildPhase section */
		6752FB7E2AE1C90200E539B1 /* Sources */ = {
			isa = PBXSourcesBuildPhase;
			buildActionMask = 2147483647;
			files = (
				6752FB9F2AE2A86400E539B1 /* SwipeViewController.swift in Sources */,
				6746F0392AE6FB8A00F10D4D /* CardImages.swift in Sources */,
				6752FBA62AE563BE00E539B1 /* SwipeCardViewController.swift in Sources */,
				6752FB8A2AE1C90200E539B1 /* ViewController.swift in Sources */,
				6752FBA12AE2FB9500E539B1 /* SwipeableCardView.swift in Sources */,
				6746F0402AE70B5700F10D4D /* cardData.swift in Sources */,
				6752FB862AE1C90200E539B1 /* AppDelegate.swift in Sources */,
				6746F03B2AE6FB9E00F10D4D /* ConfigFile.swift in Sources */,
				6752FB882AE1C90200E539B1 /* SceneDelegate.swift in Sources */,
				6752FB9D2AE2A7BE00E539B1 /* SettingsViewController.swift in Sources */,
			);
			runOnlyForDeploymentPostprocessing = 0;
		};
/* End PBXSourcesBuildPhase section */

/* Begin XCBuildConfiguration section */
		6752FB942AE1C90300E539B1 /* Debug */ = {
			isa = XCBuildConfiguration;
			buildSettings = {
				ALWAYS_SEARCH_USER_PATHS = NO;
				ASSETCATALOG_COMPILER_GENERATE_SWIFT_ASSET_SYMBOL_EXTENSIONS = YES;
				CLANG_ANALYZER_NONNULL = YES;
				CLANG_ANALYZER_NUMBER_OBJECT_CONVERSION = YES_AGGRESSIVE;
				CLANG_CXX_LANGUAGE_STANDARD = "gnu++20";
				CLANG_ENABLE_MODULES = YES;
				CLANG_ENABLE_OBJC_ARC = YES;
				CLANG_ENABLE_OBJC_WEAK = YES;
				CLANG_WARN_BLOCK_CAPTURE_AUTORELEASING = YES;
				CLANG_WARN_BOOL_CONVERSION = YES;
				CLANG_WARN_COMMA = YES;
				CLANG_WARN_CONSTANT_CONVERSION = YES;
				CLANG_WARN_DEPRECATED_OBJC_IMPLEMENTATIONS = YES;
				CLANG_WARN_DIRECT_OBJC_ISA_USAGE = YES_ERROR;
				CLANG_WARN_DOCUMENTATION_COMMENTS = YES;
				CLANG_WARN_EMPTY_BODY = YES;
				CLANG_WARN_ENUM_CONVERSION = YES;
				CLANG_WARN_INFINITE_RECURSION = YES;
				CLANG_WARN_INT_CONVERSION = YES;
				CLANG_WARN_NON_LITERAL_NULL_CONVERSION = YES;
				CLANG_WARN_OBJC_IMPLICIT_RETAIN_SELF = YES;
				CLANG_WARN_OBJC_LITERAL_CONVERSION = YES;
				CLANG_WARN_OBJC_ROOT_CLASS = YES_ERROR;
				CLANG_WARN_QUOTED_INCLUDE_IN_FRAMEWORK_HEADER = YES;
				CLANG_WARN_RANGE_LOOP_ANALYSIS = YES;
				CLANG_WARN_STRICT_PROTOTYPES = YES;
				CLANG_WARN_SUSPICIOUS_MOVE = YES;
				CLANG_WARN_UNGUARDED_AVAILABILITY = YES_AGGRESSIVE;
				CLANG_WARN_UNREACHABLE_CODE = YES;
				CLANG_WARN__DUPLICATE_METHOD_MATCH = YES;
				COPY_PHASE_STRIP = NO;
				DEBUG_INFORMATION_FORMAT = dwarf;
				ENABLE_STRICT_OBJC_MSGSEND = YES;
				ENABLE_TESTABILITY = YES;
				ENABLE_USER_SCRIPT_SANDBOXING = YES;
				GCC_C_LANGUAGE_STANDARD = gnu17;
				GCC_DYNAMIC_NO_PIC = NO;
				GCC_NO_COMMON_BLOCKS = YES;
				GCC_OPTIMIZATION_LEVEL = 0;
				GCC_PREPROCESSOR_DEFINITIONS = (
					"DEBUG=1",
					"$(inherited)",
				);
				GCC_WARN_64_TO_32_BIT_CONVERSION = YES;
				GCC_WARN_ABOUT_RETURN_TYPE = YES_ERROR;
				GCC_WARN_UNDECLARED_SELECTOR = YES;
				GCC_WARN_UNINITIALIZED_AUTOS = YES_AGGRESSIVE;
				GCC_WARN_UNUSED_FUNCTION = YES;
				GCC_WARN_UNUSED_VARIABLE = YES;
				IPHONEOS_DEPLOYMENT_TARGET = 17.0;
				LOCALIZATION_PREFERS_STRING_CATALOGS = YES;
				MTL_ENABLE_DEBUG_INFO = INCLUDE_SOURCE;
				MTL_FAST_MATH = YES;
				ONLY_ACTIVE_ARCH = YES;
				SDKROOT = iphoneos;
				SWIFT_ACTIVE_COMPILATION_CONDITIONS = "DEBUG $(inherited)";
				SWIFT_OPTIMIZATION_LEVEL = "-Onone";
			};
			name = Debug;
		};
		6752FB952AE1C90300E539B1 /* Release */ = {
			isa = XCBuildConfiguration;
			buildSettings = {
				ALWAYS_SEARCH_USER_PATHS = NO;
				ASSETCATALOG_COMPILER_GENERATE_SWIFT_ASSET_SYMBOL_EXTENSIONS = YES;
				CLANG_ANALYZER_NONNULL = YES;
				CLANG_ANALYZER_NUMBER_OBJECT_CONVERSION = YES_AGGRESSIVE;
				CLANG_CXX_LANGUAGE_STANDARD = "gnu++20";
				CLANG_ENABLE_MODULES = YES;
				CLANG_ENABLE_OBJC_ARC = YES;
				CLANG_ENABLE_OBJC_WEAK = YES;
				CLANG_WARN_BLOCK_CAPTURE_AUTORELEASING = YES;
				CLANG_WARN_BOOL_CONVERSION = YES;
				CLANG_WARN_COMMA = YES;
				CLANG_WARN_CONSTANT_CONVERSION = YES;
				CLANG_WARN_DEPRECATED_OBJC_IMPLEMENTATIONS = YES;
				CLANG_WARN_DIRECT_OBJC_ISA_USAGE = YES_ERROR;
				CLANG_WARN_DOCUMENTATION_COMMENTS = YES;
				CLANG_WARN_EMPTY_BODY = YES;
				CLANG_WARN_ENUM_CONVERSION = YES;
				CLANG_WARN_INFINITE_RECURSION = YES;
				CLANG_WARN_INT_CONVERSION = YES;
				CLANG_WARN_NON_LITERAL_NULL_CONVERSION = YES;
				CLANG_WARN_OBJC_IMPLICIT_RETAIN_SELF = YES;
				CLANG_WARN_OBJC_LITERAL_CONVERSION = YES;
				CLANG_WARN_OBJC_ROOT_CLASS = YES_ERROR;
				CLANG_WARN_QUOTED_INCLUDE_IN_FRAMEWORK_HEADER = YES;
				CLANG_WARN_RANGE_LOOP_ANALYSIS = YES;
				CLANG_WARN_STRICT_PROTOTYPES = YES;
				CLANG_WARN_SUSPICIOUS_MOVE = YES;
				CLANG_WARN_UNGUARDED_AVAILABILITY = YES_AGGRESSIVE;
				CLANG_WARN_UNREACHABLE_CODE = YES;
				CLANG_WARN__DUPLICATE_METHOD_MATCH = YES;
				COPY_PHASE_STRIP = NO;
				DEBUG_INFORMATION_FORMAT = "dwarf-with-dsym";
				ENABLE_NS_ASSERTIONS = NO;
				ENABLE_STRICT_OBJC_MSGSEND = YES;
				ENABLE_USER_SCRIPT_SANDBOXING = YES;
				GCC_C_LANGUAGE_STANDARD = gnu17;
				GCC_NO_COMMON_BLOCKS = YES;
				GCC_WARN_64_TO_32_BIT_CONVERSION = YES;
				GCC_WARN_ABOUT_RETURN_TYPE = YES_ERROR;
				GCC_WARN_UNDECLARED_SELECTOR = YES;
				GCC_WARN_UNINITIALIZED_AUTOS = YES_AGGRESSIVE;
				GCC_WARN_UNUSED_FUNCTION = YES;
				GCC_WARN_UNUSED_VARIABLE = YES;
				IPHONEOS_DEPLOYMENT_TARGET = 17.0;
				LOCALIZATION_PREFERS_STRING_CATALOGS = YES;
				MTL_ENABLE_DEBUG_INFO = NO;
				MTL_FAST_MATH = YES;
				SDKROOT = iphoneos;
				SWIFT_COMPILATION_MODE = wholemodule;
				VALIDATE_PRODUCT = YES;
			};
			name = Release;
		};
		6752FB972AE1C90300E539B1 /* Debug */ = {
			isa = XCBuildConfiguration;
			buildSettings = {
				ASSETCATALOG_COMPILER_APPICON_NAME = AppIcon;
				ASSETCATALOG_COMPILER_GLOBAL_ACCENT_COLOR_NAME = AccentColor;
				CODE_SIGN_STYLE = Automatic;
				CURRENT_PROJECT_VERSION = 1;
				DEVELOPMENT_TEAM = 68Z27E7S2D;
				GENERATE_INFOPLIST_FILE = YES;
				INFOPLIST_FILE = likeOrDislike/Info.plist;
				INFOPLIST_KEY_UIApplicationSupportsIndirectInputEvents = YES;
				INFOPLIST_KEY_UILaunchStoryboardName = LaunchScreen;
				INFOPLIST_KEY_UISupportedInterfaceOrientations_iPad = "UIInterfaceOrientationPortrait UIInterfaceOrientationPortraitUpsideDown UIInterfaceOrientationLandscapeLeft UIInterfaceOrientationLandscapeRight";
				INFOPLIST_KEY_UISupportedInterfaceOrientations_iPhone = "UIInterfaceOrientationPortrait UIInterfaceOrientationLandscapeLeft UIInterfaceOrientationLandscapeRight";
				LD_RUNPATH_SEARCH_PATHS = (
					"$(inherited)",
					"@executable_path/Frameworks",
				);
				MARKETING_VERSION = 1.0;
				PRODUCT_BUNDLE_IDENTIFIER = com.likeOrDislike;
				PRODUCT_NAME = "$(TARGET_NAME)";
				SUPPORTED_PLATFORMS = "iphoneos iphonesimulator";
				SUPPORTS_MACCATALYST = NO;
				SUPPORTS_MAC_DESIGNED_FOR_IPHONE_IPAD = NO;
				SWIFT_EMIT_LOC_STRINGS = YES;
				SWIFT_VERSION = 5.0;
				TARGETED_DEVICE_FAMILY = 1;
			};
			name = Debug;
		};
		6752FB982AE1C90300E539B1 /* Release */ = {
			isa = XCBuildConfiguration;
			buildSettings = {
				ASSETCATALOG_COMPILER_APPICON_NAME = AppIcon;
				ASSETCATALOG_COMPILER_GLOBAL_ACCENT_COLOR_NAME = AccentColor;
				CODE_SIGN_STYLE = Automatic;
				CURRENT_PROJECT_VERSION = 1;
				DEVELOPMENT_TEAM = 68Z27E7S2D;
				GENERATE_INFOPLIST_FILE = YES;
				INFOPLIST_FILE = likeOrDislike/Info.plist;
				INFOPLIST_KEY_UIApplicationSupportsIndirectInputEvents = YES;
				INFOPLIST_KEY_UILaunchStoryboardName = LaunchScreen;
				INFOPLIST_KEY_UISupportedInterfaceOrientations_iPad = "UIInterfaceOrientationPortrait UIInterfaceOrientationPortraitUpsideDown UIInterfaceOrientationLandscapeLeft UIInterfaceOrientationLandscapeRight";
				INFOPLIST_KEY_UISupportedInterfaceOrientations_iPhone = "UIInterfaceOrientationPortrait UIInterfaceOrientationLandscapeLeft UIInterfaceOrientationLandscapeRight";
				LD_RUNPATH_SEARCH_PATHS = (
					"$(inherited)",
					"@executable_path/Frameworks",
				);
				MARKETING_VERSION = 1.0;
				PRODUCT_BUNDLE_IDENTIFIER = com.likeOrDislike;
				PRODUCT_NAME = "$(TARGET_NAME)";
				SUPPORTED_PLATFORMS = "iphoneos iphonesimulator";
				SUPPORTS_MACCATALYST = NO;
				SUPPORTS_MAC_DESIGNED_FOR_IPHONE_IPAD = NO;
				SWIFT_EMIT_LOC_STRINGS = YES;
				SWIFT_VERSION = 5.0;
				TARGETED_DEVICE_FAMILY = 1;
			};
			name = Release;
		};
/* End XCBuildConfiguration section */

/* Begin XCConfigurationList section */
		6752FB7D2AE1C90200E539B1 /* Build configuration list for PBXProject "likeOrDislike" */ = {
			isa = XCConfigurationList;
			buildConfigurations = (
				6752FB942AE1C90300E539B1 /* Debug */,
				6752FB952AE1C90300E539B1 /* Release */,
			);
			defaultConfigurationIsVisible = 0;
			defaultConfigurationName = Release;
		};
		6752FB962AE1C90300E539B1 /* Build configuration list for PBXNativeTarget "likeOrDislike" */ = {
			isa = XCConfigurationList;
			buildConfigurations = (
				6752FB972AE1C90300E539B1 /* Debug */,
				6752FB982AE1C90300E539B1 /* Release */,
			);
			defaultConfigurationIsVisible = 0;
			defaultConfigurationName = Release;
		};
/* End XCConfigurationList section */

/* Begin XCRemoteSwiftPackageReference section */
		6746F0432AE85DB100F10D4D /* XCRemoteSwiftPackageReference "UnsplashFramework" */ = {
			isa = XCRemoteSwiftPackageReference;
			repositoryURL = "https://github.com/camiletti/UnsplashFramework.git";
			requirement = {
				kind = upToNextMajorVersion;
				minimumVersion = 0.4.0;
			};
		};
		6752FBA22AE55EC800E539B1 /* XCRemoteSwiftPackageReference "Shuffle" */ = {
			isa = XCRemoteSwiftPackageReference;
			repositoryURL = "https://github.com/mac-gallagher/Shuffle.git";
			requirement = {
				branch = master;
				kind = branch;
			};
		};
/* End XCRemoteSwiftPackageReference section */

/* Begin XCSwiftPackageProductDependency section */
		6746F0442AE85DB100F10D4D /* UnsplashFramework */ = {
			isa = XCSwiftPackageProductDependency;
			package = 6746F0432AE85DB100F10D4D /* XCRemoteSwiftPackageReference "UnsplashFramework" */;
			productName = UnsplashFramework;
		};
		6752FBA32AE55EC800E539B1 /* Shuffle */ = {
			isa = XCSwiftPackageProductDependency;
			package = 6752FBA22AE55EC800E539B1 /* XCRemoteSwiftPackageReference "Shuffle" */;
			productName = Shuffle;
		};
/* End XCSwiftPackageProductDependency section */
	};
	rootObject = 6752FB7A2AE1C90200E539B1 /* Project object */;
}
